
Microsoft Visual Studio Solution File, Format Version 12.00
# Visual Studio 2013
VisualStudioVersion = 12.0.40629.0
MinimumVisualStudioVersion = 10.0.40219.1
Project("{2150E333-8FDC-42A3-9474-1A3956D46DE8}") = ".nuget", ".nuget", "{6C8ED2A3-3532-4318-9C55-32F85844CB6E}"
	ProjectSection(SolutionItems) = preProject
		.nuget\NuGet.Config = .nuget\NuGet.Config
		.nuget\nuget.exe = .nuget\nuget.exe
		.nuget\NuGet.targets = .nuget\NuGet.targets
	EndProjectSection
EndProject
Project("{2150E333-8FDC-42A3-9474-1A3956D46DE8}") = "src", "src", "{FF90A935-F84B-4B73-A2E7-238BF376FD36}"
EndProject
Project("{2150E333-8FDC-42A3-9474-1A3956D46DE8}") = "test", "test", "{F4439CD7-A4E4-4F82-AA53-4031C4ED3A97}"
EndProject
Project("{2150E333-8FDC-42A3-9474-1A3956D46DE8}") = "SharedFiles", "SharedFiles", "{302D8256-C94F-49A0-8F3A-C3E3DF71AACE}"
EndProject
Project("{2150E333-8FDC-42A3-9474-1A3956D46DE8}") = "html", "html", "{672FB1B6-5863-4F6E-8C7A-80536594A588}"
	ProjectSection(SolutionItems) = preProject
		test\SharedFiles\html\html-document-with-bom-at-start.html = test\SharedFiles\html\html-document-with-bom-at-start.html
		test\SharedFiles\html\html-document-with-bom-in-body-tag.html = test\SharedFiles\html\html-document-with-bom-in-body-tag.html
		test\SharedFiles\html\html-document-without-bom.html = test\SharedFiles\html\html-document-without-bom.html
	EndProjectSection
EndProject
Project("{2150E333-8FDC-42A3-9474-1A3956D46DE8}") = "xml", "xml", "{A6C04256-22C9-462B-856E-3B5802320B5E}"
	ProjectSection(SolutionItems) = preProject
		test\SharedFiles\xml\xml-document-with-bom-at-start.xml = test\SharedFiles\xml\xml-document-with-bom-at-start.xml
		test\SharedFiles\xml\xml-document-with-bom-in-tag.xml = test\SharedFiles\xml\xml-document-with-bom-in-tag.xml
		test\SharedFiles\xml\xml-document-without-bom.xml = test\SharedFiles\xml\xml-document-without-bom.xml
	EndProjectSection
EndProject
Project("{FAE04EC0-301F-11D3-BF4B-00C04F79EFBC}") = "WebMarkupMin.Core.Net40", "src\WebMarkupMin.Core.Net4\WebMarkupMin.Core.Net40.csproj", "{5148CF68-CC23-4FEE-AA0E-2EEE01BDABF7}"
EndProject
Project("{FAE04EC0-301F-11D3-BF4B-00C04F79EFBC}") = "WebMarkupMin.MsAjax.Net40", "src\WebMarkupMin.MsAjax.Net4\WebMarkupMin.MsAjax.Net40.csproj", "{C2CF53B0-E2C5-4ACF-8248-8FABF99FDFFE}"
EndProject
Project("{FAE04EC0-301F-11D3-BF4B-00C04F79EFBC}") = "WebMarkupMin.Yui.Net40", "src\WebMarkupMin.Yui.Net4\WebMarkupMin.Yui.Net40.csproj", "{AB138BB6-CB90-4BE4-9E24-864EEF4ED581}"
EndProject
Project("{FAE04EC0-301F-11D3-BF4B-00C04F79EFBC}") = "WebMarkupMin.NUglify.Net40", "src\WebMarkupMin.NUglify.Net4\WebMarkupMin.NUglify.Net40.csproj", "{D8BE51CD-5AF8-4B99-9B5C-436B006C047C}"
EndProject
Project("{FAE04EC0-301F-11D3-BF4B-00C04F79EFBC}") = "WebMarkupMin.AspNet.Common.Net40", "src\WebMarkupMin.AspNet.Common.Net4\WebMarkupMin.AspNet.Common.Net40.csproj", "{BF6EF6DD-9E9C-428E-92A9-24968C4F7FFE}"
EndProject
Project("{FAE04EC0-301F-11D3-BF4B-00C04F79EFBC}") = "WebMarkupMin.AspNet4.Common.Net40", "src\WebMarkupMin.AspNet4.Common\WebMarkupMin.AspNet4.Common.Net40.csproj", "{3F7995D0-393C-40B9-B16A-51F8499C3565}"
EndProject
Project("{FAE04EC0-301F-11D3-BF4B-00C04F79EFBC}") = "WebMarkupMin.AspNet4.HttpModules.Net40", "src\WebMarkupMin.AspNet4.HttpModules\WebMarkupMin.AspNet4.HttpModules.Net40.csproj", "{29935491-4376-4E06-AD75-68661F04AC09}"
EndProject
Project("{FAE04EC0-301F-11D3-BF4B-00C04F79EFBC}") = "WebMarkupMin.AspNet4.Mvc.Net40", "src\WebMarkupMin.AspNet4.Mvc\WebMarkupMin.AspNet4.Mvc.Net40.csproj", "{88DD173D-0BD0-4841-9D6E-211E2C49FBB4}"
EndProject
Project("{FAE04EC0-301F-11D3-BF4B-00C04F79EFBC}") = "WebMarkupMin.AspNet4.WebForms.Net40", "src\WebMarkupMin.AspNet4.WebForms\WebMarkupMin.AspNet4.WebForms.Net40.csproj", "{A2AE7CEA-5BB7-4610-AB22-33A4EB2F9D10}"
EndProject
Project("{FAE04EC0-301F-11D3-BF4B-00C04F79EFBC}") = "WebMarkupMin.Core.Test.Net40", "test\WebMarkupMin.Core.Test.Net4\WebMarkupMin.Core.Test.Net40.csproj", "{B6CBE565-C391-4599-AC86-11C6301296AA}"
EndProject
Global
	GlobalSection(SolutionConfigurationPlatforms) = preSolution
		Debug|Any CPU = Debug|Any CPU
		Debug|ARM = Debug|ARM
		Debug|x64 = Debug|x64
		Debug|x86 = Debug|x86
		Release|Any CPU = Release|Any CPU
		Release|ARM = Release|ARM
		Release|x64 = Release|x64
		Release|x86 = Release|x86
	EndGlobalSection
	GlobalSection(ProjectConfigurationPlatforms) = postSolution
		{5148CF68-CC23-4FEE-AA0E-2EEE01BDABF7}.Debug|Any CPU.ActiveCfg = Debug|Any CPU
		{5148CF68-CC23-4FEE-AA0E-2EEE01BDABF7}.Debug|Any CPU.Build.0 = Debug|Any CPU
		{5148CF68-CC23-4FEE-AA0E-2EEE01BDABF7}.Debug|ARM.ActiveCfg = Debug|Any CPU
		{5148CF68-CC23-4FEE-AA0E-2EEE01BDABF7}.Debug|x64.ActiveCfg = Debug|Any CPU
		{5148CF68-CC23-4FEE-AA0E-2EEE01BDABF7}.Debug|x86.ActiveCfg = Debug|Any CPU
		{5148CF68-CC23-4FEE-AA0E-2EEE01BDABF7}.Release|Any CPU.ActiveCfg = Release|Any CPU
		{5148CF68-CC23-4FEE-AA0E-2EEE01BDABF7}.Release|Any CPU.Build.0 = Release|Any CPU
		{5148CF68-CC23-4FEE-AA0E-2EEE01BDABF7}.Release|ARM.ActiveCfg = Release|Any CPU
		{5148CF68-CC23-4FEE-AA0E-2EEE01BDABF7}.Release|x64.ActiveCfg = Release|Any CPU
		{5148CF68-CC23-4FEE-AA0E-2EEE01BDABF7}.Release|x86.ActiveCfg = Release|Any CPU
		{C2CF53B0-E2C5-4ACF-8248-8FABF99FDFFE}.Debug|Any CPU.ActiveCfg = Debug|Any CPU
		{C2CF53B0-E2C5-4ACF-8248-8FABF99FDFFE}.Debug|Any CPU.Build.0 = Debug|Any CPU
		{C2CF53B0-E2C5-4ACF-8248-8FABF99FDFFE}.Debug|ARM.ActiveCfg = Debug|Any CPU
		{C2CF53B0-E2C5-4ACF-8248-8FABF99FDFFE}.Debug|x64.ActiveCfg = Debug|Any CPU
		{C2CF53B0-E2C5-4ACF-8248-8FABF99FDFFE}.Debug|x86.ActiveCfg = Debug|Any CPU
		{C2CF53B0-E2C5-4ACF-8248-8FABF99FDFFE}.Release|Any CPU.ActiveCfg = Release|Any CPU
		{C2CF53B0-E2C5-4ACF-8248-8FABF99FDFFE}.Release|Any CPU.Build.0 = Release|Any CPU
		{C2CF53B0-E2C5-4ACF-8248-8FABF99FDFFE}.Release|ARM.ActiveCfg = Release|Any CPU
		{C2CF53B0-E2C5-4ACF-8248-8FABF99FDFFE}.Release|x64.ActiveCfg = Release|Any CPU
		{C2CF53B0-E2C5-4ACF-8248-8FABF99FDFFE}.Release|x86.ActiveCfg = Release|Any CPU
		{AB138BB6-CB90-4BE4-9E24-864EEF4ED581}.Debug|Any CPU.ActiveCfg = Debug|Any CPU
		{AB138BB6-CB90-4BE4-9E24-864EEF4ED581}.Debug|Any CPU.Build.0 = Debug|Any CPU
		{AB138BB6-CB90-4BE4-9E24-864EEF4ED581}.Debug|ARM.ActiveCfg = Debug|Any CPU
		{AB138BB6-CB90-4BE4-9E24-864EEF4ED581}.Debug|x64.ActiveCfg = Debug|Any CPU
		{AB138BB6-CB90-4BE4-9E24-864EEF4ED581}.Debug|x86.ActiveCfg = Debug|Any CPU
		{AB138BB6-CB90-4BE4-9E24-864EEF4ED581}.Release|Any CPU.ActiveCfg = Release|Any CPU
		{AB138BB6-CB90-4BE4-9E24-864EEF4ED581}.Release|Any CPU.Build.0 = Release|Any CPU
		{AB138BB6-CB90-4BE4-9E24-864EEF4ED581}.Release|ARM.ActiveCfg = Release|Any CPU
		{AB138BB6-CB90-4BE4-9E24-864EEF4ED581}.Release|x64.ActiveCfg = Release|Any CPU
		{AB138BB6-CB90-4BE4-9E24-864EEF4ED581}.Release|x86.ActiveCfg = Release|Any CPU
		{D8BE51CD-5AF8-4B99-9B5C-436B006C047C}.Debug|Any CPU.ActiveCfg = Debug|Any CPU
		{D8BE51CD-5AF8-4B99-9B5C-436B006C047C}.Debug|Any CPU.Build.0 = Debug|Any CPU
		{D8BE51CD-5AF8-4B99-9B5C-436B006C047C}.Debug|ARM.ActiveCfg = Debug|Any CPU
		{D8BE51CD-5AF8-4B99-9B5C-436B006C047C}.Debug|x64.ActiveCfg = Debug|Any CPU
		{D8BE51CD-5AF8-4B99-9B5C-436B006C047C}.Debug|x86.ActiveCfg = Debug|Any CPU
		{D8BE51CD-5AF8-4B99-9B5C-436B006C047C}.Release|Any CPU.ActiveCfg = Release|Any CPU
		{D8BE51CD-5AF8-4B99-9B5C-436B006C047C}.Release|Any CPU.Build.0 = Release|Any CPU
		{D8BE51CD-5AF8-4B99-9B5C-436B006C047C}.Release|ARM.ActiveCfg = Release|Any CPU
		{D8BE51CD-5AF8-4B99-9B5C-436B006C047C}.Release|x64.ActiveCfg = Release|Any CPU
		{D8BE51CD-5AF8-4B99-9B5C-436B006C047C}.Release|x86.ActiveCfg = Release|Any CPU
		{BF6EF6DD-9E9C-428E-92A9-24968C4F7FFE}.Debug|Any CPU.ActiveCfg = Debug|Any CPU
		{BF6EF6DD-9E9C-428E-92A9-24968C4F7FFE}.Debug|Any CPU.Build.0 = Debug|Any CPU
		{BF6EF6DD-9E9C-428E-92A9-24968C4F7FFE}.Debug|ARM.ActiveCfg = Debug|Any CPU
		{BF6EF6DD-9E9C-428E-92A9-24968C4F7FFE}.Debug|x64.ActiveCfg = Debug|Any CPU
		{BF6EF6DD-9E9C-428E-92A9-24968C4F7FFE}.Debug|x86.ActiveCfg = Debug|Any CPU
		{BF6EF6DD-9E9C-428E-92A9-24968C4F7FFE}.Release|Any CPU.ActiveCfg = Release|Any CPU
		{BF6EF6DD-9E9C-428E-92A9-24968C4F7FFE}.Release|Any CPU.Build.0 = Release|Any CPU
		{BF6EF6DD-9E9C-428E-92A9-24968C4F7FFE}.Release|ARM.ActiveCfg = Release|Any CPU
		{BF6EF6DD-9E9C-428E-92A9-24968C4F7FFE}.Release|x64.ActiveCfg = Release|Any CPU
		{BF6EF6DD-9E9C-428E-92A9-24968C4F7FFE}.Release|x86.ActiveCfg = Release|Any CPU
		{3F7995D0-393C-40B9-B16A-51F8499C3565}.Debug|Any CPU.ActiveCfg = Debug|Any CPU
		{3F7995D0-393C-40B9-B16A-51F8499C3565}.Debug|Any CPU.Build.0 = Debug|Any CPU
		{3F7995D0-393C-40B9-B16A-51F8499C3565}.Debug|ARM.ActiveCfg = Debug|Any CPU
		{3F7995D0-393C-40B9-B16A-51F8499C3565}.Debug|x64.ActiveCfg = Debug|Any CPU
		{3F7995D0-393C-40B9-B16A-51F8499C3565}.Debug|x86.ActiveCfg = Debug|Any CPU
		{3F7995D0-393C-40B9-B16A-51F8499C3565}.Release|Any CPU.ActiveCfg = Release|Any CPU
		{3F7995D0-393C-40B9-B16A-51F8499C3565}.Release|Any CPU.Build.0 = Release|Any CPU
		{3F7995D0-393C-40B9-B16A-51F8499C3565}.Release|ARM.ActiveCfg = Release|Any CPU
		{3F7995D0-393C-40B9-B16A-51F8499C3565}.Release|x64.ActiveCfg = Release|Any CPU
		{3F7995D0-393C-40B9-B16A-51F8499C3565}.Release|x86.ActiveCfg = Release|Any CPU
		{29935491-4376-4E06-AD75-68661F04AC09}.Debug|Any CPU.ActiveCfg = Debug|Any CPU
		{29935491-4376-4E06-AD75-68661F04AC09}.Debug|Any CPU.Build.0 = Debug|Any CPU
		{29935491-4376-4E06-AD75-68661F04AC09}.Debug|ARM.ActiveCfg = Debug|Any CPU
		{29935491-4376-4E06-AD75-68661F04AC09}.Debug|x64.ActiveCfg = Debug|Any CPU
		{29935491-4376-4E06-AD75-68661F04AC09}.Debug|x86.ActiveCfg = Debug|Any CPU
		{29935491-4376-4E06-AD75-68661F04AC09}.Release|Any CPU.ActiveCfg = Release|Any CPU
		{29935491-4376-4E06-AD75-68661F04AC09}.Release|Any CPU.Build.0 = Release|Any CPU
		{29935491-4376-4E06-AD75-68661F04AC09}.Release|ARM.ActiveCfg = Release|Any CPU
		{29935491-4376-4E06-AD75-68661F04AC09}.Release|x64.ActiveCfg = Release|Any CPU
		{29935491-4376-4E06-AD75-68661F04AC09}.Release|x86.ActiveCfg = Release|Any CPU
		{88DD173D-0BD0-4841-9D6E-211E2C49FBB4}.Debug|Any CPU.ActiveCfg = Debug|Any CPU
		{88DD173D-0BD0-4841-9D6E-211E2C49FBB4}.Debug|Any CPU.Build.0 = Debug|Any CPU
		{88DD173D-0BD0-4841-9D6E-211E2C49FBB4}.Debug|ARM.ActiveCfg = Debug|Any CPU
		{88DD173D-0BD0-4841-9D6E-211E2C49FBB4}.Debug|x64.ActiveCfg = Debug|Any CPU
		{88DD173D-0BD0-4841-9D6E-211E2C49FBB4}.Debug|x86.ActiveCfg = Debug|Any CPU
		{88DD173D-0BD0-4841-9D6E-211E2C49FBB4}.Release|Any CPU.ActiveCfg = Release|Any CPU
		{88DD173D-0BD0-4841-9D6E-211E2C49FBB4}.Release|Any CPU.Build.0 = Release|Any CPU
		{88DD173D-0BD0-4841-9D6E-211E2C49FBB4}.Release|ARM.ActiveCfg = Release|Any CPU
		{88DD173D-0BD0-4841-9D6E-211E2C49FBB4}.Release|x64.ActiveCfg = Release|Any CPU
		{88DD173D-0BD0-4841-9D6E-211E2C49FBB4}.Release|x86.ActiveCfg = Release|Any CPU
		{A2AE7CEA-5BB7-4610-AB22-33A4EB2F9D10}.Debug|Any CPU.ActiveCfg = Debug|Any CPU
		{A2AE7CEA-5BB7-4610-AB22-33A4EB2F9D10}.Debug|Any CPU.Build.0 = Debug|Any CPU
		{A2AE7CEA-5BB7-4610-AB22-33A4EB2F9D10}.Debug|ARM.ActiveCfg = Debug|Any CPU
		{A2AE7CEA-5BB7-4610-AB22-33A4EB2F9D10}.Debug|x64.ActiveCfg = Debug|Any CPU
		{A2AE7CEA-5BB7-4610-AB22-33A4EB2F9D10}.Debug|x86.ActiveCfg = Debug|Any CPU
		{A2AE7CEA-5BB7-4610-AB22-33A4EB2F9D10}.Release|Any CPU.ActiveCfg = Release|Any CPU
		{A2AE7CEA-5BB7-4610-AB22-33A4EB2F9D10}.Release|Any CPU.Build.0 = Release|Any CPU
		{A2AE7CEA-5BB7-4610-AB22-33A4EB2F9D10}.Release|ARM.ActiveCfg = Release|Any CPU
		{A2AE7CEA-5BB7-4610-AB22-33A4EB2F9D10}.Release|x64.ActiveCfg = Release|Any CPU
		{A2AE7CEA-5BB7-4610-AB22-33A4EB2F9D10}.Release|x86.ActiveCfg = Release|Any CPU
		{B6CBE565-C391-4599-AC86-11C6301296AA}.Debug|Any CPU.ActiveCfg = Debug|Any CPU
		{B6CBE565-C391-4599-AC86-11C6301296AA}.Debug|Any CPU.Build.0 = Debug|Any CPU
		{B6CBE565-C391-4599-AC86-11C6301296AA}.Debug|ARM.ActiveCfg = Debug|Any CPU
		{B6CBE565-C391-4599-AC86-11C6301296AA}.Debug|x64.ActiveCfg = Debug|Any CPU
		{B6CBE565-C391-4599-AC86-11C6301296AA}.Debug|x86.ActiveCfg = Debug|Any CPU
		{B6CBE565-C391-4599-AC86-11C6301296AA}.Release|Any CPU.ActiveCfg = Release|Any CPU
		{B6CBE565-C391-4599-AC86-11C6301296AA}.Release|Any CPU.Build.0 = Release|Any CPU
		{B6CBE565-C391-4599-AC86-11C6301296AA}.Release|ARM.ActiveCfg = Release|Any CPU
		{B6CBE565-C391-4599-AC86-11C6301296AA}.Release|x64.ActiveCfg = Release|Any CPU
		{B6CBE565-C391-4599-AC86-11C6301296AA}.Release|x86.ActiveCfg = Release|Any CPU
	EndGlobalSection
	GlobalSection(SolutionProperties) = preSolution
		HideSolutionNode = FALSE
	EndGlobalSection
	GlobalSection(NestedProjects) = preSolution
		{302D8256-C94F-49A0-8F3A-C3E3DF71AACE} = {F4439CD7-A4E4-4F82-AA53-4031C4ED3A97}
		{672FB1B6-5863-4F6E-8C7A-80536594A588} = {302D8256-C94F-49A0-8F3A-C3E3DF71AACE}
		{A6C04256-22C9-462B-856E-3B5802320B5E} = {302D8256-C94F-49A0-8F3A-C3E3DF71AACE}
		{5148CF68-CC23-4FEE-AA0E-2EEE01BDABF7} = {FF90A935-F84B-4B73-A2E7-238BF376FD36}
		{C2CF53B0-E2C5-4ACF-8248-8FABF99FDFFE} = {FF90A935-F84B-4B73-A2E7-238BF376FD36}
		{AB138BB6-CB90-4BE4-9E24-864EEF4ED581} = {FF90A935-F84B-4B73-A2E7-238BF376FD36}
		{D8BE51CD-5AF8-4B99-9B5C-436B006C047C} = {FF90A935-F84B-4B73-A2E7-238BF376FD36}
		{BF6EF6DD-9E9C-428E-92A9-24968C4F7FFE} = {FF90A935-F84B-4B73-A2E7-238BF376FD36}
		{3F7995D0-393C-40B9-B16A-51F8499C3565} = {FF90A935-F84B-4B73-A2E7-238BF376FD36}
		{29935491-4376-4E06-AD75-68661F04AC09} = {FF90A935-F84B-4B73-A2E7-238BF376FD36}
		{88DD173D-0BD0-4841-9D6E-211E2C49FBB4} = {FF90A935-F84B-4B73-A2E7-238BF376FD36}
		{A2AE7CEA-5BB7-4610-AB22-33A4EB2F9D10} = {FF90A935-F84B-4B73-A2E7-238BF376FD36}
		{B6CBE565-C391-4599-AC86-11C6301296AA} = {F4439CD7-A4E4-4F82-AA53-4031C4ED3A97}
	EndGlobalSection
EndGlobal
