
Microsoft Visual Studio Solution File, Format Version 12.00
# Visual Studio 14
VisualStudioVersion = 14.0.23107.0
MinimumVisualStudioVersion = 10.0.40219.1
Project("{2150E333-8FDC-42A3-9474-1A3956D46DE8}") = "Solution Items", "Solution Items", "{77DA6D7A-3D4F-4E6E-9E5B-3D1D767A08BD}"
	ProjectSection(SolutionItems) = preProject
		global.json = global.json
	EndProjectSection
EndProject
Project("{2150E333-8FDC-42A3-9474-1A3956D46DE8}") = "src", "src", "{A6C6677F-2327-44D7-B0A5-FE137926363A}"
EndProject
Project("{2150E333-8FDC-42A3-9474-1A3956D46DE8}") = "test", "test", "{124A11CF-6942-41DE-96C5-CAEA312C0DA7}"
EndProject
Project("{2150E333-8FDC-42A3-9474-1A3956D46DE8}") = "samples", "samples", "{B82E868E-6A45-48B2-9F91-9B39135650DC}"
EndProject
Project("{2150E333-8FDC-42A3-9474-1A3956D46DE8}") = "SharedData", "SharedData", "{1A348D80-CB5A-4E10-A1C8-9518CC147284}"
EndProject
Project("{2150E333-8FDC-42A3-9474-1A3956D46DE8}") = "text-content", "text-content", "{191CC6AD-B408-4FF5-8B31-5000B9D51FF0}"
	ProjectSection(SolutionItems) = preProject
		samples\SharedData\text-content\change-log.html = samples\SharedData\text-content\change-log.html
		samples\SharedData\text-content\contact.html = samples\SharedData\text-content\contact.html
		samples\SharedData\text-content\index.html = samples\SharedData\text-content\index.html
	EndProjectSection
EndProject
Project("{8BB2217D-0F2D-49D1-97BC-3654ED321F3B}") = "WebMarkupMin.Core", "src\WebMarkupMin.Core\WebMarkupMin.Core.xproj", "{57C62A80-3D65-4AED-A257-F9112025D8EE}"
EndProject
Project("{8BB2217D-0F2D-49D1-97BC-3654ED321F3B}") = "WebMarkupMin.MsAjax", "src\WebMarkupMin.MsAjax\WebMarkupMin.MsAjax.xproj", "{0D8BA2D6-31DE-4296-9DB6-3771691AEEDE}"
EndProject
Project("{8BB2217D-0F2D-49D1-97BC-3654ED321F3B}") = "WebMarkupMin.Yui", "src\WebMarkupMin.Yui\WebMarkupMin.Yui.xproj", "{873656AF-BFAD-4375-A856-8D168802E10F}"
EndProject
Project("{8BB2217D-0F2D-49D1-97BC-3654ED321F3B}") = "WebMarkupMin.AspNet.Common", "src\WebMarkupMin.AspNet.Common\WebMarkupMin.AspNet.Common.xproj", "{F95E5620-BEDE-4247-AEEF-D88DC205B203}"
EndProject
Project("{8BB2217D-0F2D-49D1-97BC-3654ED321F3B}") = "WebMarkupMin.AspNet5", "src\WebMarkupMin.AspNet5\WebMarkupMin.AspNet5.xproj", "{8E78D37A-AD2C-4C26-B5E8-3EA71FF0D122}"
EndProject
Project("{8BB2217D-0F2D-49D1-97BC-3654ED321F3B}") = "WebMarkupMin.Core.Test", "test\WebMarkupMin.Core.Test\WebMarkupMin.Core.Test.xproj", "{650A5A85-5956-491E-9312-5E25A27D1108}"
EndProject
Project("{8BB2217D-0F2D-49D1-97BC-3654ED321F3B}") = "WebMarkupMin.Sample.Resources", "samples\WebMarkupMin.Sample.Resources\WebMarkupMin.Sample.Resources.xproj", "{77C26B9D-5A76-4C21-B75F-41124C9B9DA9}"
EndProject
Project("{8BB2217D-0F2D-49D1-97BC-3654ED321F3B}") = "WebMarkupMin.Sample.Logic", "samples\WebMarkupMin.Sample.Logic\WebMarkupMin.Sample.Logic.xproj", "{0E5F480B-8ADD-4FE2-9B10-DF1565E83BF1}"
EndProject
Project("{8BB2217D-0F2D-49D1-97BC-3654ED321F3B}") = "WebMarkupMin.Sample.AspNet5Core.Mvc6", "samples\WebMarkupMin.Sample.AspNet5Core.Mvc6\WebMarkupMin.Sample.AspNet5Core.Mvc6.xproj", "{75201016-6473-42C8-AA30-DEF5DC2420C2}"
EndProject
Project("{8BB2217D-0F2D-49D1-97BC-3654ED321F3B}") = "WebMarkupMin.Sample.AspNet5.Mvc6", "samples\WebMarkupMin.Sample.AspNet5.Mvc6\WebMarkupMin.Sample.AspNet5.Mvc6.xproj", "{2518F34E-3EA0-4511-8C78-D5B3DE9EA81C}"
EndProject
Global
	GlobalSection(SolutionConfigurationPlatforms) = preSolution
		Debug|Any CPU = Debug|Any CPU
		Release|Any CPU = Release|Any CPU
	EndGlobalSection
	GlobalSection(ProjectConfigurationPlatforms) = postSolution
		{57C62A80-3D65-4AED-A257-F9112025D8EE}.Debug|Any CPU.ActiveCfg = Debug|Any CPU
		{57C62A80-3D65-4AED-A257-F9112025D8EE}.Debug|Any CPU.Build.0 = Debug|Any CPU
		{57C62A80-3D65-4AED-A257-F9112025D8EE}.Release|Any CPU.ActiveCfg = Release|Any CPU
		{57C62A80-3D65-4AED-A257-F9112025D8EE}.Release|Any CPU.Build.0 = Release|Any CPU
		{0D8BA2D6-31DE-4296-9DB6-3771691AEEDE}.Debug|Any CPU.ActiveCfg = Debug|Any CPU
		{0D8BA2D6-31DE-4296-9DB6-3771691AEEDE}.Debug|Any CPU.Build.0 = Debug|Any CPU
		{0D8BA2D6-31DE-4296-9DB6-3771691AEEDE}.Release|Any CPU.ActiveCfg = Release|Any CPU
		{0D8BA2D6-31DE-4296-9DB6-3771691AEEDE}.Release|Any CPU.Build.0 = Release|Any CPU
		{873656AF-BFAD-4375-A856-8D168802E10F}.Debug|Any CPU.ActiveCfg = Debug|Any CPU
		{873656AF-BFAD-4375-A856-8D168802E10F}.Debug|Any CPU.Build.0 = Debug|Any CPU
		{873656AF-BFAD-4375-A856-8D168802E10F}.Release|Any CPU.ActiveCfg = Release|Any CPU
		{873656AF-BFAD-4375-A856-8D168802E10F}.Release|Any CPU.Build.0 = Release|Any CPU
		{F95E5620-BEDE-4247-AEEF-D88DC205B203}.Debug|Any CPU.ActiveCfg = Debug|Any CPU
		{F95E5620-BEDE-4247-AEEF-D88DC205B203}.Debug|Any CPU.Build.0 = Debug|Any CPU
		{F95E5620-BEDE-4247-AEEF-D88DC205B203}.Release|Any CPU.ActiveCfg = Release|Any CPU
		{F95E5620-BEDE-4247-AEEF-D88DC205B203}.Release|Any CPU.Build.0 = Release|Any CPU
		{8E78D37A-AD2C-4C26-B5E8-3EA71FF0D122}.Debug|Any CPU.ActiveCfg = Debug|Any CPU
		{8E78D37A-AD2C-4C26-B5E8-3EA71FF0D122}.Debug|Any CPU.Build.0 = Debug|Any CPU
		{8E78D37A-AD2C-4C26-B5E8-3EA71FF0D122}.Release|Any CPU.ActiveCfg = Release|Any CPU
		{8E78D37A-AD2C-4C26-B5E8-3EA71FF0D122}.Release|Any CPU.Build.0 = Release|Any CPU
		{77C26B9D-5A76-4C21-B75F-41124C9B9DA9}.Debug|Any CPU.ActiveCfg = Debug|Any CPU
		{77C26B9D-5A76-4C21-B75F-41124C9B9DA9}.Debug|Any CPU.Build.0 = Debug|Any CPU
		{77C26B9D-5A76-4C21-B75F-41124C9B9DA9}.Release|Any CPU.ActiveCfg = Release|Any CPU
		{77C26B9D-5A76-4C21-B75F-41124C9B9DA9}.Release|Any CPU.Build.0 = Release|Any CPU
		{0E5F480B-8ADD-4FE2-9B10-DF1565E83BF1}.Debug|Any CPU.ActiveCfg = Debug|Any CPU
		{0E5F480B-8ADD-4FE2-9B10-DF1565E83BF1}.Debug|Any CPU.Build.0 = Debug|Any CPU
		{0E5F480B-8ADD-4FE2-9B10-DF1565E83BF1}.Release|Any CPU.ActiveCfg = Release|Any CPU
		{0E5F480B-8ADD-4FE2-9B10-DF1565E83BF1}.Release|Any CPU.Build.0 = Release|Any CPU
		{75201016-6473-42C8-AA30-DEF5DC2420C2}.Debug|Any CPU.ActiveCfg = Debug|Any CPU
		{75201016-6473-42C8-AA30-DEF5DC2420C2}.Debug|Any CPU.Build.0 = Debug|Any CPU
		{75201016-6473-42C8-AA30-DEF5DC2420C2}.Release|Any CPU.ActiveCfg = Release|Any CPU
		{75201016-6473-42C8-AA30-DEF5DC2420C2}.Release|Any CPU.Build.0 = Release|Any CPU
		{2518F34E-3EA0-4511-8C78-D5B3DE9EA81C}.Debug|Any CPU.ActiveCfg = Debug|Any CPU
		{2518F34E-3EA0-4511-8C78-D5B3DE9EA81C}.Debug|Any CPU.Build.0 = Debug|Any CPU
		{2518F34E-3EA0-4511-8C78-D5B3DE9EA81C}.Release|Any CPU.ActiveCfg = Release|Any CPU
		{2518F34E-3EA0-4511-8C78-D5B3DE9EA81C}.Release|Any CPU.Build.0 = Release|Any CPU
		{650A5A85-5956-491E-9312-5E25A27D1108}.Debug|Any CPU.ActiveCfg = Debug|Any CPU
		{650A5A85-5956-491E-9312-5E25A27D1108}.Debug|Any CPU.Build.0 = Debug|Any CPU
		{650A5A85-5956-491E-9312-5E25A27D1108}.Release|Any CPU.ActiveCfg = Release|Any CPU
		{650A5A85-5956-491E-9312-5E25A27D1108}.Release|Any CPU.Build.0 = Release|Any CPU
	EndGlobalSection
	GlobalSection(SolutionProperties) = preSolution
		HideSolutionNode = FALSE
	EndGlobalSection
	GlobalSection(NestedProjects) = preSolution
		{1A348D80-CB5A-4E10-A1C8-9518CC147284} = {B82E868E-6A45-48B2-9F91-9B39135650DC}
		{191CC6AD-B408-4FF5-8B31-5000B9D51FF0} = {1A348D80-CB5A-4E10-A1C8-9518CC147284}
		{57C62A80-3D65-4AED-A257-F9112025D8EE} = {A6C6677F-2327-44D7-B0A5-FE137926363A}
		{0D8BA2D6-31DE-4296-9DB6-3771691AEEDE} = {A6C6677F-2327-44D7-B0A5-FE137926363A}
		{873656AF-BFAD-4375-A856-8D168802E10F} = {A6C6677F-2327-44D7-B0A5-FE137926363A}
		{F95E5620-BEDE-4247-AEEF-D88DC205B203} = {A6C6677F-2327-44D7-B0A5-FE137926363A}
		{8E78D37A-AD2C-4C26-B5E8-3EA71FF0D122} = {A6C6677F-2327-44D7-B0A5-FE137926363A}
		{77C26B9D-5A76-4C21-B75F-41124C9B9DA9} = {B82E868E-6A45-48B2-9F91-9B39135650DC}
		{0E5F480B-8ADD-4FE2-9B10-DF1565E83BF1} = {B82E868E-6A45-48B2-9F91-9B39135650DC}
		{75201016-6473-42C8-AA30-DEF5DC2420C2} = {B82E868E-6A45-48B2-9F91-9B39135650DC}
		{2518F34E-3EA0-4511-8C78-D5B3DE9EA81C} = {B82E868E-6A45-48B2-9F91-9B39135650DC}
		{650A5A85-5956-491E-9312-5E25A27D1108} = {124A11CF-6942-41DE-96C5-CAEA312C0DA7}
	EndGlobalSection
EndGlobal
