
Microsoft Visual Studio Solution File, Format Version 12.00
# Visual Studio Version 17
VisualStudioVersion = 17.0.31825.309
MinimumVisualStudioVersion = 10.0.40219.1
Project("{2150E333-8FDC-42A3-9474-1A3956D46DE8}") = "Solution Items", "Solution Items", "{472CB832-1B6A-4479-9389-77E0C2E7B355}"
	ProjectSection(SolutionItems) = preProject
		.editorconfig = .editorconfig
		CHANGELOG.md = CHANGELOG.md
		LICENSE = LICENSE
		README.md = README.md
	EndProjectSection
EndProject
Project("{2150E333-8FDC-42A3-9474-1A3956D46DE8}") = "build", "build", "{21B132B0-710A-40D0-A906-069FAF6FC62A}"
	ProjectSection(SolutionItems) = preProject
		build\common.props = build\common.props
		build\Key.snk = build\Key.snk
		build\net40-client-target.props = build\net40-client-target.props
		build\nuget-common.props = build\nuget-common.props
		build\nuget-metadata.props = build\nuget-metadata.props
		build\strong-name-signing.props = build\strong-name-signing.props
	EndProjectSection
EndProject
Project("{2150E333-8FDC-42A3-9474-1A3956D46DE8}") = "licenses", "licenses", "{1BBCC7B6-B593-4506-AEF1-DB00A92C1DF8}"
	ProjectSection(SolutionItems) = preProject
		licenses\brotli-license.txt = licenses\brotli-license.txt
		licenses\brotli-sharp-lib-license.txt = licenses\brotli-sharp-lib-license.txt
		licenses\html-minifier.txt = licenses\html-minifier.txt
		licenses\htmlcompressor.txt = licenses\htmlcompressor.txt
		licenses\jsmin-license.txt = licenses\jsmin-license.txt
		licenses\microsoft-ajax-minifier-license.txt = licenses\microsoft-ajax-minifier-license.txt
		licenses\nuglify-license.txt = licenses\nuglify-license.txt
		licenses\yui-compressor-for-net-license.txt = licenses\yui-compressor-for-net-license.txt
	EndProjectSection
EndProject
Project("{2150E333-8FDC-42A3-9474-1A3956D46DE8}") = "src", "src", "{227F2DF0-FCC8-4548-A4F9-6DA5BE01918E}"
EndProject
Project("{9A19103F-16F7-4668-BE54-9A1E7A4F7556}") = "WebMarkupMin.Core", "src\WebMarkupMin.Core\WebMarkupMin.Core.csproj", "{B13DE315-C4A0-4BBF-86B1-D916483F5C63}"
EndProject
Project("{9A19103F-16F7-4668-BE54-9A1E7A4F7556}") = "WebMarkupMin.MsAjax", "src\WebMarkupMin.MsAjax\WebMarkupMin.MsAjax.csproj", "{16E16699-8950-45B3-9FC9-0E06A2AA0385}"
EndProject
Project("{9A19103F-16F7-4668-BE54-9A1E7A4F7556}") = "WebMarkupMin.Yui", "src\WebMarkupMin.Yui\WebMarkupMin.Yui.csproj", "{E1986812-2CF2-4B83-99A4-0A73D6DA407A}"
EndProject
Project("{9A19103F-16F7-4668-BE54-9A1E7A4F7556}") = "WebMarkupMin.NUglify", "src\WebMarkupMin.NUglify\WebMarkupMin.NUglify.csproj", "{32566DC1-7999-4A09-8219-DB1279436955}"
EndProject
Project("{9A19103F-16F7-4668-BE54-9A1E7A4F7556}") = "WebMarkupMin.AspNet.Common", "src\WebMarkupMin.AspNet.Common\WebMarkupMin.AspNet.Common.csproj", "{DFCE4D45-CFD5-40C2-8E1E-9276B589A3FF}"
EndProject
Project("{9A19103F-16F7-4668-BE54-9A1E7A4F7556}") = "WebMarkupMin.AspNet.Brotli", "src\WebMarkupMin.AspNet.Brotli\WebMarkupMin.AspNet.Brotli.csproj", "{43F35909-CF70-4369-A31D-BD597A3A6615}"
EndProject
Project("{9A19103F-16F7-4668-BE54-9A1E7A4F7556}") = "WebMarkupMin.AspNet4.Common", "src\WebMarkupMin.AspNet4.Common\WebMarkupMin.AspNet4.Common.csproj", "{B9908E9F-C933-46FA-A8D0-55938FDB5CC6}"
EndProject
Project("{9A19103F-16F7-4668-BE54-9A1E7A4F7556}") = "WebMarkupMin.AspNet4.HttpModules", "src\WebMarkupMin.AspNet4.HttpModules\WebMarkupMin.AspNet4.HttpModules.csproj", "{23C293BD-171B-47CE-936E-16B41BBF666B}"
EndProject
Project("{9A19103F-16F7-4668-BE54-9A1E7A4F7556}") = "WebMarkupMin.AspNet4.Mvc", "src\WebMarkupMin.AspNet4.Mvc\WebMarkupMin.AspNet4.Mvc.csproj", "{88DD173D-0BD0-4841-9D6E-211E2C49FBB4}"
EndProject
Project("{9A19103F-16F7-4668-BE54-9A1E7A4F7556}") = "WebMarkupMin.AspNet4.WebForms", "src\WebMarkupMin.AspNet4.WebForms\WebMarkupMin.AspNet4.WebForms.csproj", "{27D7454A-F570-4ACC-BB7E-1DD5B264AC22}"
EndProject
Project("{9A19103F-16F7-4668-BE54-9A1E7A4F7556}") = "WebMarkupMin.AspNetCore1", "src\WebMarkupMin.AspNetCore1\WebMarkupMin.AspNetCore1.csproj", "{5F014AC3-7F5D-4EBB-850C-01513CBF1D49}"
EndProject
Project("{9A19103F-16F7-4668-BE54-9A1E7A4F7556}") = "WebMarkupMin.AspNetCore2", "src\WebMarkupMin.AspNetCore2\WebMarkupMin.AspNetCore2.csproj", "{FB743652-E1C4-40B3-B499-53780DCBAA8F}"
EndProject
Project("{9A19103F-16F7-4668-BE54-9A1E7A4F7556}") = "WebMarkupMin.AspNetCore3", "src\WebMarkupMin.AspNetCore3\WebMarkupMin.AspNetCore3.csproj", "{39AC8A6C-EFED-484E-8549-348890B483F6}"
EndProject
Project("{9A19103F-16F7-4668-BE54-9A1E7A4F7556}") = "WebMarkupMin.AspNetCore5", "src\WebMarkupMin.AspNetCore5\WebMarkupMin.AspNetCore5.csproj", "{55529452-05CB-4EAA-93D9-1671350A34AC}"
EndProject
Project("{9A19103F-16F7-4668-BE54-9A1E7A4F7556}") = "WebMarkupMin.AspNetCore6", "src\WebMarkupMin.AspNetCore6\WebMarkupMin.AspNetCore6.csproj", "{CED43C40-2A2C-4F13-9A14-DAAB53174467}"
EndProject
Project("{9A19103F-16F7-4668-BE54-9A1E7A4F7556}") = "WebMarkupMin.AspNetCore7", "src\WebMarkupMin.AspNetCore7\WebMarkupMin.AspNetCore7.csproj", "{3A22D61B-24BB-40AA-BE5B-BB4AB3FD628D}"
EndProject
Project("{9A19103F-16F7-4668-BE54-9A1E7A4F7556}") = "WebMarkupMin.AspNetCore8", "src\WebMarkupMin.AspNetCore8\WebMarkupMin.AspNetCore8.csproj", "{E76D0ABD-17A1-4C66-A04C-B592F33CBA0C}"
EndProject
Project("{FAE04EC0-301F-11D3-BF4B-00C04F79EFBC}") = "WebMarkupMin.AspNetCoreLatest", "src\WebMarkupMin.AspNetCoreLatest\WebMarkupMin.AspNetCoreLatest.csproj", "{B89239B8-7189-4C35-B25E-05A1B020A1D9}"
EndProject
Project("{2150E333-8FDC-42A3-9474-1A3956D46DE8}") = "test", "test", "{1AEA1D1F-45BC-4A6C-BCD8-71C50DC839BA}"
EndProject
Project("{9A19103F-16F7-4668-BE54-9A1E7A4F7556}") = "WebMarkupMin.Benchmarks", "test\WebMarkupMin.Benchmarks\WebMarkupMin.Benchmarks.csproj", "{73A9EE62-426A-4E54-9A92-C5B601DAB70F}"
EndProject
Project("{9A19103F-16F7-4668-BE54-9A1E7A4F7556}") = "WebMarkupMin.Tests", "test\WebMarkupMin.Tests\WebMarkupMin.Tests.csproj", "{9125BDF2-885B-45DB-98AA-3DD8C2EA4A68}"
EndProject
Project("{2150E333-8FDC-42A3-9474-1A3956D46DE8}") = "samples", "samples", "{93F36312-DACD-42F9-8652-DC03D5545113}"
EndProject
Project("{2150E333-8FDC-42A3-9474-1A3956D46DE8}") = "SharedData", "SharedData", "{6E9983A1-18F0-4A77-8179-7E0D5362B5A1}"
EndProject
Project("{2150E333-8FDC-42A3-9474-1A3956D46DE8}") = "text-content", "text-content", "{42291974-4944-4E59-AC97-5AA16D98EA21}"
	ProjectSection(SolutionItems) = preProject
		samples\SharedData\text-content\change-log.html = samples\SharedData\text-content\change-log.html
		samples\SharedData\text-content\contact.html = samples\SharedData\text-content\contact.html
		samples\SharedData\text-content\index.html = samples\SharedData\text-content\index.html
	EndProjectSection
EndProject
Project("{9A19103F-16F7-4668-BE54-9A1E7A4F7556}") = "WebMarkupMin.Sample.Resources", "samples\WebMarkupMin.Sample.Resources\WebMarkupMin.Sample.Resources.csproj", "{8EFC1C84-D831-45CE-926A-A9CF99B2164C}"
EndProject
Project("{9A19103F-16F7-4668-BE54-9A1E7A4F7556}") = "WebMarkupMin.Sample.Logic", "samples\WebMarkupMin.Sample.Logic\WebMarkupMin.Sample.Logic.csproj", "{D29E22EF-EAF3-4056-BC7B-E02BB4048281}"
EndProject
Project("{FAE04EC0-301F-11D3-BF4B-00C04F79EFBC}") = "WebMarkupMin.Sample.AspNet4.Mvc4", "samples\WebMarkupMin.Sample.AspNet4.Mvc4\WebMarkupMin.Sample.AspNet4.Mvc4.csproj", "{5CF180F1-8A21-4DA6-9550-85F6210389A4}"
EndProject
Project("{E24C65DC-7377-472B-9ABA-BC803B73C61A}") = "WebMarkupMin.Sample.AspNet4.WebPages2", "samples\WebMarkupMin.Sample.AspNet4.WebPages2\", "{90B64798-5F93-4132-ACE9-A3A4BB05451D}"
	ProjectSection(WebsiteProperties) = preProject
		TargetFrameworkMoniker = ".NETFramework,Version%3Dv4.0"
		ProjectReferences = "{dfce4d45-cfd5-40c2-8e1e-9276b589a3ff}|WebMarkupMin.AspNet.Common.dll;{b9908e9f-c933-46fa-a8d0-55938fdb5cc6}|WebMarkupMin.AspNet4.Common.dll;{23c293bd-171b-47ce-936e-16b41bbf666b}|WebMarkupMin.AspNet4.HttpModules.dll;{b13de315-c4a0-4bbf-86b1-d916483f5c63}|WebMarkupMin.Core.dll;{16e16699-8950-45b3-9fc9-0e06a2aa0385}|WebMarkupMin.MsAjax.dll;{d29e22ef-eaf3-4056-bc7b-e02bb4048281}|WebMarkupMin.Sample.Logic.dll;{8efc1c84-d831-45ce-926a-a9cf99b2164c}|WebMarkupMin.Sample.Resources.dll;{43f35909-cf70-4369-a31d-bd597a3a6615}|WebMarkupMin.AspNet.Brotli.dll;"
		Debug.AspNetCompiler.VirtualPath = "/localhost_47959"
		Debug.AspNetCompiler.PhysicalPath = "samples\WebMarkupMin.Sample.AspNet4.WebPages2\"
		Debug.AspNetCompiler.TargetPath = "PrecompiledWeb\localhost_47959\"
		Debug.AspNetCompiler.Updateable = "true"
		Debug.AspNetCompiler.ForceOverwrite = "true"
		Debug.AspNetCompiler.FixedNames = "false"
		Debug.AspNetCompiler.Debug = "True"
		Release.AspNetCompiler.VirtualPath = "/localhost_47959"
		Release.AspNetCompiler.PhysicalPath = "samples\WebMarkupMin.Sample.AspNet4.WebPages2\"
		Release.AspNetCompiler.TargetPath = "PrecompiledWeb\localhost_47959\"
		Release.AspNetCompiler.Updateable = "true"
		Release.AspNetCompiler.ForceOverwrite = "true"
		Release.AspNetCompiler.FixedNames = "false"
		Release.AspNetCompiler.Debug = "False"
		VWDPort = "47959"
		SlnRelativePath = "samples\WebMarkupMin.Sample.AspNet4.WebPages2\"
	EndProjectSection
EndProject
Project("{FAE04EC0-301F-11D3-BF4B-00C04F79EFBC}") = "WebMarkupMin.Sample.AspNet45.WebForms", "samples\WebMarkupMin.Sample.AspNet45.WebForms\WebMarkupMin.Sample.AspNet45.WebForms.csproj", "{E7808547-E984-4F80-97B8-B19E99BE3A76}"
EndProject
Project("{9A19103F-16F7-4668-BE54-9A1E7A4F7556}") = "WebMarkupMin.Sample.AspNetCore.Infrastructure", "samples\WebMarkupMin.Sample.AspNetCore.Infrastructure\WebMarkupMin.Sample.AspNetCore.Infrastructure.csproj", "{AC5ED453-AFF6-4136-82FF-09AFC105E8DF}"
EndProject
Project("{9A19103F-16F7-4668-BE54-9A1E7A4F7556}") = "WebMarkupMin.Sample.AspNetCore1.Mvc1", "samples\WebMarkupMin.Sample.AspNetCore1.Mvc1\WebMarkupMin.Sample.AspNetCore1.Mvc1.csproj", "{CBB7FD4C-8A94-4797-AA55-55DA5A63F070}"
EndProject
Project("{9A19103F-16F7-4668-BE54-9A1E7A4F7556}") = "WebMarkupMin.Sample.AspNetCore1Full.Mvc1", "samples\WebMarkupMin.Sample.AspNetCore1Full.Mvc1\WebMarkupMin.Sample.AspNetCore1Full.Mvc1.csproj", "{93545F28-4C2E-4C43-B864-AF369D6E71BB}"
EndProject
Project("{9A19103F-16F7-4668-BE54-9A1E7A4F7556}") = "WebMarkupMin.Sample.AspNetCore21.Mvc21", "samples\WebMarkupMin.Sample.AspNetCore21.Mvc21\WebMarkupMin.Sample.AspNetCore21.Mvc21.csproj", "{70C0F396-9D87-4E02-AF0B-27F94940478D}"
EndProject
Project("{9A19103F-16F7-4668-BE54-9A1E7A4F7556}") = "WebMarkupMin.Sample.AspNetCore31.Mvc31", "samples\WebMarkupMin.Sample.AspNetCore31.Mvc31\WebMarkupMin.Sample.AspNetCore31.Mvc31.csproj", "{1A2FAACC-7B3E-42BE-AC23-4D88CFC4D210}"
EndProject
Project("{9A19103F-16F7-4668-BE54-9A1E7A4F7556}") = "WebMarkupMin.Sample.AspNetCore5.Mvc5", "samples\WebMarkupMin.Sample.AspNetCore5.Mvc5\WebMarkupMin.Sample.AspNetCore5.Mvc5.csproj", "{EC946FDE-1A5D-4585-9220-0B4373834F8F}"
EndProject
Project("{9A19103F-16F7-4668-BE54-9A1E7A4F7556}") = "WebMarkupMin.Sample.AspNetCore6.Mvc6", "samples\WebMarkupMin.Sample.AspNetCore6.Mvc6\WebMarkupMin.Sample.AspNetCore6.Mvc6.csproj", "{D4F0CA65-37CF-4A0F-AEA8-62659646B144}"
EndProject
Project("{9A19103F-16F7-4668-BE54-9A1E7A4F7556}") = "WebMarkupMin.Sample.AspNetCore7.Mvc7", "samples\WebMarkupMin.Sample.AspNetCore7.Mvc7\WebMarkupMin.Sample.AspNetCore7.Mvc7.csproj", "{E04483F4-9434-4E23-A82C-1BBC0CB01F45}"
EndProject
Project("{9A19103F-16F7-4668-BE54-9A1E7A4F7556}") = "WebMarkupMin.Sample.AspNetCore8.Mvc8", "samples\WebMarkupMin.Sample.AspNetCore8.Mvc8\WebMarkupMin.Sample.AspNetCore8.Mvc8.csproj", "{E76D46F7-10C5-43B1-A4A4-079FBC92938C}"
EndProject
Project("{FAE04EC0-301F-11D3-BF4B-00C04F79EFBC}") = "WebMarkupMin.Sample.AspNetCore9.Mvc9", "samples\WebMarkupMin.Sample.AspNetCore9.Mvc9\WebMarkupMin.Sample.AspNetCore9.Mvc9.csproj", "{C8DD8E01-F6AD-4A7B-AC11-D2A261635FDA}"
EndProject
Global
	GlobalSection(SolutionConfigurationPlatforms) = preSolution
		Debug|Any CPU = Debug|Any CPU
		Release|Any CPU = Release|Any CPU
	EndGlobalSection
	GlobalSection(ProjectConfigurationPlatforms) = postSolution
		{B13DE315-C4A0-4BBF-86B1-D916483F5C63}.Debug|Any CPU.ActiveCfg = Debug|Any CPU
		{B13DE315-C4A0-4BBF-86B1-D916483F5C63}.Debug|Any CPU.Build.0 = Debug|Any CPU
		{B13DE315-C4A0-4BBF-86B1-D916483F5C63}.Release|Any CPU.ActiveCfg = Release|Any CPU
		{B13DE315-C4A0-4BBF-86B1-D916483F5C63}.Release|Any CPU.Build.0 = Release|Any CPU
		{16E16699-8950-45B3-9FC9-0E06A2AA0385}.Debug|Any CPU.ActiveCfg = Debug|Any CPU
		{16E16699-8950-45B3-9FC9-0E06A2AA0385}.Debug|Any CPU.Build.0 = Debug|Any CPU
		{16E16699-8950-45B3-9FC9-0E06A2AA0385}.Release|Any CPU.ActiveCfg = Release|Any CPU
		{16E16699-8950-45B3-9FC9-0E06A2AA0385}.Release|Any CPU.Build.0 = Release|Any CPU
		{E1986812-2CF2-4B83-99A4-0A73D6DA407A}.Debug|Any CPU.ActiveCfg = Debug|Any CPU
		{E1986812-2CF2-4B83-99A4-0A73D6DA407A}.Debug|Any CPU.Build.0 = Debug|Any CPU
		{E1986812-2CF2-4B83-99A4-0A73D6DA407A}.Release|Any CPU.ActiveCfg = Release|Any CPU
		{E1986812-2CF2-4B83-99A4-0A73D6DA407A}.Release|Any CPU.Build.0 = Release|Any CPU
		{32566DC1-7999-4A09-8219-DB1279436955}.Debug|Any CPU.ActiveCfg = Debug|Any CPU
		{32566DC1-7999-4A09-8219-DB1279436955}.Debug|Any CPU.Build.0 = Debug|Any CPU
		{32566DC1-7999-4A09-8219-DB1279436955}.Release|Any CPU.ActiveCfg = Release|Any CPU
		{32566DC1-7999-4A09-8219-DB1279436955}.Release|Any CPU.Build.0 = Release|Any CPU
		{DFCE4D45-CFD5-40C2-8E1E-9276B589A3FF}.Debug|Any CPU.ActiveCfg = Debug|Any CPU
		{DFCE4D45-CFD5-40C2-8E1E-9276B589A3FF}.Debug|Any CPU.Build.0 = Debug|Any CPU
		{DFCE4D45-CFD5-40C2-8E1E-9276B589A3FF}.Release|Any CPU.ActiveCfg = Release|Any CPU
		{DFCE4D45-CFD5-40C2-8E1E-9276B589A3FF}.Release|Any CPU.Build.0 = Release|Any CPU
		{43F35909-CF70-4369-A31D-BD597A3A6615}.Debug|Any CPU.ActiveCfg = Debug|Any CPU
		{43F35909-CF70-4369-A31D-BD597A3A6615}.Debug|Any CPU.Build.0 = Debug|Any CPU
		{43F35909-CF70-4369-A31D-BD597A3A6615}.Release|Any CPU.ActiveCfg = Release|Any CPU
		{43F35909-CF70-4369-A31D-BD597A3A6615}.Release|Any CPU.Build.0 = Release|Any CPU
		{B9908E9F-C933-46FA-A8D0-55938FDB5CC6}.Debug|Any CPU.ActiveCfg = Debug|Any CPU
		{B9908E9F-C933-46FA-A8D0-55938FDB5CC6}.Debug|Any CPU.Build.0 = Debug|Any CPU
		{B9908E9F-C933-46FA-A8D0-55938FDB5CC6}.Release|Any CPU.ActiveCfg = Release|Any CPU
		{B9908E9F-C933-46FA-A8D0-55938FDB5CC6}.Release|Any CPU.Build.0 = Release|Any CPU
		{23C293BD-171B-47CE-936E-16B41BBF666B}.Debug|Any CPU.ActiveCfg = Debug|Any CPU
		{23C293BD-171B-47CE-936E-16B41BBF666B}.Debug|Any CPU.Build.0 = Debug|Any CPU
		{23C293BD-171B-47CE-936E-16B41BBF666B}.Release|Any CPU.ActiveCfg = Release|Any CPU
		{23C293BD-171B-47CE-936E-16B41BBF666B}.Release|Any CPU.Build.0 = Release|Any CPU
		{88DD173D-0BD0-4841-9D6E-211E2C49FBB4}.Debug|Any CPU.ActiveCfg = Debug|Any CPU
		{88DD173D-0BD0-4841-9D6E-211E2C49FBB4}.Debug|Any CPU.Build.0 = Debug|Any CPU
		{88DD173D-0BD0-4841-9D6E-211E2C49FBB4}.Release|Any CPU.ActiveCfg = Release|Any CPU
		{88DD173D-0BD0-4841-9D6E-211E2C49FBB4}.Release|Any CPU.Build.0 = Release|Any CPU
		{27D7454A-F570-4ACC-BB7E-1DD5B264AC22}.Debug|Any CPU.ActiveCfg = Debug|Any CPU
		{27D7454A-F570-4ACC-BB7E-1DD5B264AC22}.Debug|Any CPU.Build.0 = Debug|Any CPU
		{27D7454A-F570-4ACC-BB7E-1DD5B264AC22}.Release|Any CPU.ActiveCfg = Release|Any CPU
		{27D7454A-F570-4ACC-BB7E-1DD5B264AC22}.Release|Any CPU.Build.0 = Release|Any CPU
		{5F014AC3-7F5D-4EBB-850C-01513CBF1D49}.Debug|Any CPU.ActiveCfg = Debug|Any CPU
		{5F014AC3-7F5D-4EBB-850C-01513CBF1D49}.Debug|Any CPU.Build.0 = Debug|Any CPU
		{5F014AC3-7F5D-4EBB-850C-01513CBF1D49}.Release|Any CPU.ActiveCfg = Release|Any CPU
		{5F014AC3-7F5D-4EBB-850C-01513CBF1D49}.Release|Any CPU.Build.0 = Release|Any CPU
		{FB743652-E1C4-40B3-B499-53780DCBAA8F}.Debug|Any CPU.ActiveCfg = Debug|Any CPU
		{FB743652-E1C4-40B3-B499-53780DCBAA8F}.Debug|Any CPU.Build.0 = Debug|Any CPU
		{FB743652-E1C4-40B3-B499-53780DCBAA8F}.Release|Any CPU.ActiveCfg = Release|Any CPU
		{FB743652-E1C4-40B3-B499-53780DCBAA8F}.Release|Any CPU.Build.0 = Release|Any CPU
		{39AC8A6C-EFED-484E-8549-348890B483F6}.Debug|Any CPU.ActiveCfg = Debug|Any CPU
		{39AC8A6C-EFED-484E-8549-348890B483F6}.Debug|Any CPU.Build.0 = Debug|Any CPU
		{39AC8A6C-EFED-484E-8549-348890B483F6}.Release|Any CPU.ActiveCfg = Release|Any CPU
		{39AC8A6C-EFED-484E-8549-348890B483F6}.Release|Any CPU.Build.0 = Release|Any CPU
		{55529452-05CB-4EAA-93D9-1671350A34AC}.Debug|Any CPU.ActiveCfg = Debug|Any CPU
		{55529452-05CB-4EAA-93D9-1671350A34AC}.Debug|Any CPU.Build.0 = Debug|Any CPU
		{55529452-05CB-4EAA-93D9-1671350A34AC}.Release|Any CPU.ActiveCfg = Release|Any CPU
		{55529452-05CB-4EAA-93D9-1671350A34AC}.Release|Any CPU.Build.0 = Release|Any CPU
		{CED43C40-2A2C-4F13-9A14-DAAB53174467}.Debug|Any CPU.ActiveCfg = Debug|Any CPU
		{CED43C40-2A2C-4F13-9A14-DAAB53174467}.Debug|Any CPU.Build.0 = Debug|Any CPU
		{CED43C40-2A2C-4F13-9A14-DAAB53174467}.Release|Any CPU.ActiveCfg = Release|Any CPU
		{CED43C40-2A2C-4F13-9A14-DAAB53174467}.Release|Any CPU.Build.0 = Release|Any CPU
		{3A22D61B-24BB-40AA-BE5B-BB4AB3FD628D}.Debug|Any CPU.ActiveCfg = Debug|Any CPU
		{3A22D61B-24BB-40AA-BE5B-BB4AB3FD628D}.Debug|Any CPU.Build.0 = Debug|Any CPU
		{3A22D61B-24BB-40AA-BE5B-BB4AB3FD628D}.Release|Any CPU.ActiveCfg = Release|Any CPU
		{3A22D61B-24BB-40AA-BE5B-BB4AB3FD628D}.Release|Any CPU.Build.0 = Release|Any CPU
		{E76D0ABD-17A1-4C66-A04C-B592F33CBA0C}.Debug|Any CPU.ActiveCfg = Debug|Any CPU
		{E76D0ABD-17A1-4C66-A04C-B592F33CBA0C}.Debug|Any CPU.Build.0 = Debug|Any CPU
		{E76D0ABD-17A1-4C66-A04C-B592F33CBA0C}.Release|Any CPU.ActiveCfg = Release|Any CPU
		{E76D0ABD-17A1-4C66-A04C-B592F33CBA0C}.Release|Any CPU.Build.0 = Release|Any CPU
		{B89239B8-7189-4C35-B25E-05A1B020A1D9}.Debug|Any CPU.ActiveCfg = Debug|Any CPU
		{B89239B8-7189-4C35-B25E-05A1B020A1D9}.Debug|Any CPU.Build.0 = Debug|Any CPU
		{B89239B8-7189-4C35-B25E-05A1B020A1D9}.Release|Any CPU.ActiveCfg = Release|Any CPU
		{B89239B8-7189-4C35-B25E-05A1B020A1D9}.Release|Any CPU.Build.0 = Release|Any CPU
		{73A9EE62-426A-4E54-9A92-C5B601DAB70F}.Debug|Any CPU.ActiveCfg = Debug|Any CPU
		{73A9EE62-426A-4E54-9A92-C5B601DAB70F}.Debug|Any CPU.Build.0 = Debug|Any CPU
		{73A9EE62-426A-4E54-9A92-C5B601DAB70F}.Release|Any CPU.ActiveCfg = Release|Any CPU
		{73A9EE62-426A-4E54-9A92-C5B601DAB70F}.Release|Any CPU.Build.0 = Release|Any CPU
		{9125BDF2-885B-45DB-98AA-3DD8C2EA4A68}.Debug|Any CPU.ActiveCfg = Debug|Any CPU
		{9125BDF2-885B-45DB-98AA-3DD8C2EA4A68}.Debug|Any CPU.Build.0 = Debug|Any CPU
		{9125BDF2-885B-45DB-98AA-3DD8C2EA4A68}.Release|Any CPU.ActiveCfg = Release|Any CPU
		{9125BDF2-885B-45DB-98AA-3DD8C2EA4A68}.Release|Any CPU.Build.0 = Release|Any CPU
		{8EFC1C84-D831-45CE-926A-A9CF99B2164C}.Debug|Any CPU.ActiveCfg = Debug|Any CPU
		{8EFC1C84-D831-45CE-926A-A9CF99B2164C}.Debug|Any CPU.Build.0 = Debug|Any CPU
		{8EFC1C84-D831-45CE-926A-A9CF99B2164C}.Release|Any CPU.ActiveCfg = Release|Any CPU
		{8EFC1C84-D831-45CE-926A-A9CF99B2164C}.Release|Any CPU.Build.0 = Release|Any CPU
		{D29E22EF-EAF3-4056-BC7B-E02BB4048281}.Debug|Any CPU.ActiveCfg = Debug|Any CPU
		{D29E22EF-EAF3-4056-BC7B-E02BB4048281}.Debug|Any CPU.Build.0 = Debug|Any CPU
		{D29E22EF-EAF3-4056-BC7B-E02BB4048281}.Release|Any CPU.ActiveCfg = Release|Any CPU
		{D29E22EF-EAF3-4056-BC7B-E02BB4048281}.Release|Any CPU.Build.0 = Release|Any CPU
		{5CF180F1-8A21-4DA6-9550-85F6210389A4}.Debug|Any CPU.ActiveCfg = Debug|Any CPU
		{5CF180F1-8A21-4DA6-9550-85F6210389A4}.Debug|Any CPU.Build.0 = Debug|Any CPU
		{5CF180F1-8A21-4DA6-9550-85F6210389A4}.Release|Any CPU.ActiveCfg = Release|Any CPU
		{5CF180F1-8A21-4DA6-9550-85F6210389A4}.Release|Any CPU.Build.0 = Release|Any CPU
		{90B64798-5F93-4132-ACE9-A3A4BB05451D}.Debug|Any CPU.ActiveCfg = Debug|Any CPU
		{90B64798-5F93-4132-ACE9-A3A4BB05451D}.Debug|Any CPU.Build.0 = Debug|Any CPU
		{90B64798-5F93-4132-ACE9-A3A4BB05451D}.Release|Any CPU.ActiveCfg = Debug|Any CPU
		{90B64798-5F93-4132-ACE9-A3A4BB05451D}.Release|Any CPU.Build.0 = Debug|Any CPU
		{E7808547-E984-4F80-97B8-B19E99BE3A76}.Debug|Any CPU.ActiveCfg = Debug|Any CPU
		{E7808547-E984-4F80-97B8-B19E99BE3A76}.Debug|Any CPU.Build.0 = Debug|Any CPU
		{E7808547-E984-4F80-97B8-B19E99BE3A76}.Release|Any CPU.ActiveCfg = Release|Any CPU
		{E7808547-E984-4F80-97B8-B19E99BE3A76}.Release|Any CPU.Build.0 = Release|Any CPU
		{AC5ED453-AFF6-4136-82FF-09AFC105E8DF}.Debug|Any CPU.ActiveCfg = Debug|Any CPU
		{AC5ED453-AFF6-4136-82FF-09AFC105E8DF}.Debug|Any CPU.Build.0 = Debug|Any CPU
		{AC5ED453-AFF6-4136-82FF-09AFC105E8DF}.Release|Any CPU.ActiveCfg = Release|Any CPU
		{AC5ED453-AFF6-4136-82FF-09AFC105E8DF}.Release|Any CPU.Build.0 = Release|Any CPU
		{CBB7FD4C-8A94-4797-AA55-55DA5A63F070}.Debug|Any CPU.ActiveCfg = Debug|Any CPU
		{CBB7FD4C-8A94-4797-AA55-55DA5A63F070}.Debug|Any CPU.Build.0 = Debug|Any CPU
		{CBB7FD4C-8A94-4797-AA55-55DA5A63F070}.Release|Any CPU.ActiveCfg = Release|Any CPU
		{CBB7FD4C-8A94-4797-AA55-55DA5A63F070}.Release|Any CPU.Build.0 = Release|Any CPU
		{93545F28-4C2E-4C43-B864-AF369D6E71BB}.Debug|Any CPU.ActiveCfg = Debug|Any CPU
		{93545F28-4C2E-4C43-B864-AF369D6E71BB}.Debug|Any CPU.Build.0 = Debug|Any CPU
		{93545F28-4C2E-4C43-B864-AF369D6E71BB}.Release|Any CPU.ActiveCfg = Release|Any CPU
		{93545F28-4C2E-4C43-B864-AF369D6E71BB}.Release|Any CPU.Build.0 = Release|Any CPU
		{70C0F396-9D87-4E02-AF0B-27F94940478D}.Debug|Any CPU.ActiveCfg = Debug|Any CPU
		{70C0F396-9D87-4E02-AF0B-27F94940478D}.Debug|Any CPU.Build.0 = Debug|Any CPU
		{70C0F396-9D87-4E02-AF0B-27F94940478D}.Release|Any CPU.ActiveCfg = Release|Any CPU
		{70C0F396-9D87-4E02-AF0B-27F94940478D}.Release|Any CPU.Build.0 = Release|Any CPU
		{1A2FAACC-7B3E-42BE-AC23-4D88CFC4D210}.Debug|Any CPU.ActiveCfg = Debug|Any CPU
		{1A2FAACC-7B3E-42BE-AC23-4D88CFC4D210}.Debug|Any CPU.Build.0 = Debug|Any CPU
		{1A2FAACC-7B3E-42BE-AC23-4D88CFC4D210}.Release|Any CPU.ActiveCfg = Release|Any CPU
		{1A2FAACC-7B3E-42BE-AC23-4D88CFC4D210}.Release|Any CPU.Build.0 = Release|Any CPU
		{EC946FDE-1A5D-4585-9220-0B4373834F8F}.Debug|Any CPU.ActiveCfg = Debug|Any CPU
		{EC946FDE-1A5D-4585-9220-0B4373834F8F}.Debug|Any CPU.Build.0 = Debug|Any CPU
		{EC946FDE-1A5D-4585-9220-0B4373834F8F}.Release|Any CPU.ActiveCfg = Release|Any CPU
		{EC946FDE-1A5D-4585-9220-0B4373834F8F}.Release|Any CPU.Build.0 = Release|Any CPU
		{D4F0CA65-37CF-4A0F-AEA8-62659646B144}.Debug|Any CPU.ActiveCfg = Debug|Any CPU
		{D4F0CA65-37CF-4A0F-AEA8-62659646B144}.Debug|Any CPU.Build.0 = Debug|Any CPU
		{D4F0CA65-37CF-4A0F-AEA8-62659646B144}.Release|Any CPU.ActiveCfg = Release|Any CPU
		{D4F0CA65-37CF-4A0F-AEA8-62659646B144}.Release|Any CPU.Build.0 = Release|Any CPU
		{E04483F4-9434-4E23-A82C-1BBC0CB01F45}.Debug|Any CPU.ActiveCfg = Debug|Any CPU
		{E04483F4-9434-4E23-A82C-1BBC0CB01F45}.Debug|Any CPU.Build.0 = Debug|Any CPU
		{E04483F4-9434-4E23-A82C-1BBC0CB01F45}.Release|Any CPU.ActiveCfg = Release|Any CPU
		{E04483F4-9434-4E23-A82C-1BBC0CB01F45}.Release|Any CPU.Build.0 = Release|Any CPU
		{E76D46F7-10C5-43B1-A4A4-079FBC92938C}.Debug|Any CPU.ActiveCfg = Debug|Any CPU
		{E76D46F7-10C5-43B1-A4A4-079FBC92938C}.Debug|Any CPU.Build.0 = Debug|Any CPU
		{E76D46F7-10C5-43B1-A4A4-079FBC92938C}.Release|Any CPU.ActiveCfg = Release|Any CPU
		{E76D46F7-10C5-43B1-A4A4-079FBC92938C}.Release|Any CPU.Build.0 = Release|Any CPU
		{C8DD8E01-F6AD-4A7B-AC11-D2A261635FDA}.Debug|Any CPU.ActiveCfg = Debug|Any CPU
		{C8DD8E01-F6AD-4A7B-AC11-D2A261635FDA}.Debug|Any CPU.Build.0 = Debug|Any CPU
		{C8DD8E01-F6AD-4A7B-AC11-D2A261635FDA}.Release|Any CPU.ActiveCfg = Release|Any CPU
		{C8DD8E01-F6AD-4A7B-AC11-D2A261635FDA}.Release|Any CPU.Build.0 = Release|Any CPU
	EndGlobalSection
	GlobalSection(SolutionProperties) = preSolution
		HideSolutionNode = FALSE
	EndGlobalSection
	GlobalSection(NestedProjects) = preSolution
		{B13DE315-C4A0-4BBF-86B1-D916483F5C63} = {227F2DF0-FCC8-4548-A4F9-6DA5BE01918E}
		{16E16699-8950-45B3-9FC9-0E06A2AA0385} = {227F2DF0-FCC8-4548-A4F9-6DA5BE01918E}
		{E1986812-2CF2-4B83-99A4-0A73D6DA407A} = {227F2DF0-FCC8-4548-A4F9-6DA5BE01918E}
		{32566DC1-7999-4A09-8219-DB1279436955} = {227F2DF0-FCC8-4548-A4F9-6DA5BE01918E}
		{DFCE4D45-CFD5-40C2-8E1E-9276B589A3FF} = {227F2DF0-FCC8-4548-A4F9-6DA5BE01918E}
		{43F35909-CF70-4369-A31D-BD597A3A6615} = {227F2DF0-FCC8-4548-A4F9-6DA5BE01918E}
		{B9908E9F-C933-46FA-A8D0-55938FDB5CC6} = {227F2DF0-FCC8-4548-A4F9-6DA5BE01918E}
		{23C293BD-171B-47CE-936E-16B41BBF666B} = {227F2DF0-FCC8-4548-A4F9-6DA5BE01918E}
		{88DD173D-0BD0-4841-9D6E-211E2C49FBB4} = {227F2DF0-FCC8-4548-A4F9-6DA5BE01918E}
		{27D7454A-F570-4ACC-BB7E-1DD5B264AC22} = {227F2DF0-FCC8-4548-A4F9-6DA5BE01918E}
		{5F014AC3-7F5D-4EBB-850C-01513CBF1D49} = {227F2DF0-FCC8-4548-A4F9-6DA5BE01918E}
		{FB743652-E1C4-40B3-B499-53780DCBAA8F} = {227F2DF0-FCC8-4548-A4F9-6DA5BE01918E}
		{39AC8A6C-EFED-484E-8549-348890B483F6} = {227F2DF0-FCC8-4548-A4F9-6DA5BE01918E}
		{55529452-05CB-4EAA-93D9-1671350A34AC} = {227F2DF0-FCC8-4548-A4F9-6DA5BE01918E}
		{CED43C40-2A2C-4F13-9A14-DAAB53174467} = {227F2DF0-FCC8-4548-A4F9-6DA5BE01918E}
		{3A22D61B-24BB-40AA-BE5B-BB4AB3FD628D} = {227F2DF0-FCC8-4548-A4F9-6DA5BE01918E}
		{E76D0ABD-17A1-4C66-A04C-B592F33CBA0C} = {227F2DF0-FCC8-4548-A4F9-6DA5BE01918E}
		{B89239B8-7189-4C35-B25E-05A1B020A1D9} = {227F2DF0-FCC8-4548-A4F9-6DA5BE01918E}
		{73A9EE62-426A-4E54-9A92-C5B601DAB70F} = {1AEA1D1F-45BC-4A6C-BCD8-71C50DC839BA}
		{9125BDF2-885B-45DB-98AA-3DD8C2EA4A68} = {1AEA1D1F-45BC-4A6C-BCD8-71C50DC839BA}
		{6E9983A1-18F0-4A77-8179-7E0D5362B5A1} = {93F36312-DACD-42F9-8652-DC03D5545113}
		{42291974-4944-4E59-AC97-5AA16D98EA21} = {6E9983A1-18F0-4A77-8179-7E0D5362B5A1}
		{8EFC1C84-D831-45CE-926A-A9CF99B2164C} = {93F36312-DACD-42F9-8652-DC03D5545113}
		{D29E22EF-EAF3-4056-BC7B-E02BB4048281} = {93F36312-DACD-42F9-8652-DC03D5545113}
		{5CF180F1-8A21-4DA6-9550-85F6210389A4} = {93F36312-DACD-42F9-8652-DC03D5545113}
		{90B64798-5F93-4132-ACE9-A3A4BB05451D} = {93F36312-DACD-42F9-8652-DC03D5545113}
		{E7808547-E984-4F80-97B8-B19E99BE3A76} = {93F36312-DACD-42F9-8652-DC03D5545113}
		{AC5ED453-AFF6-4136-82FF-09AFC105E8DF} = {93F36312-DACD-42F9-8652-DC03D5545113}
		{CBB7FD4C-8A94-4797-AA55-55DA5A63F070} = {93F36312-DACD-42F9-8652-DC03D5545113}
		{93545F28-4C2E-4C43-B864-AF369D6E71BB} = {93F36312-DACD-42F9-8652-DC03D5545113}
		{70C0F396-9D87-4E02-AF0B-27F94940478D} = {93F36312-DACD-42F9-8652-DC03D5545113}
		{1A2FAACC-7B3E-42BE-AC23-4D88CFC4D210} = {93F36312-DACD-42F9-8652-DC03D5545113}
		{EC946FDE-1A5D-4585-9220-0B4373834F8F} = {93F36312-DACD-42F9-8652-DC03D5545113}
		{D4F0CA65-37CF-4A0F-AEA8-62659646B144} = {93F36312-DACD-42F9-8652-DC03D5545113}
		{E04483F4-9434-4E23-A82C-1BBC0CB01F45} = {93F36312-DACD-42F9-8652-DC03D5545113}
		{E76D46F7-10C5-43B1-A4A4-079FBC92938C} = {93F36312-DACD-42F9-8652-DC03D5545113}
		{C8DD8E01-F6AD-4A7B-AC11-D2A261635FDA} = {93F36312-DACD-42F9-8652-DC03D5545113}
	EndGlobalSection
	GlobalSection(ExtensibilityGlobals) = postSolution
		SolutionGuid = {7E056B7D-640D-49E5-BFD7-D64C25744378}
	EndGlobalSection
EndGlobal
