
Microsoft Visual Studio Solution File, Format Version 12.00
# Visual Studio 15
VisualStudioVersion = 15.0.26730.3
MinimumVisualStudioVersion = 10.0.40219.1
Project("{2150E333-8FDC-42A3-9474-1A3956D46DE8}") = "Solution Items", "Solution Items", "{472CB832-1B6A-4479-9389-77E0C2E7B355}"
EndProject
Project("{2150E333-8FDC-42A3-9474-1A3956D46DE8}") = "src", "src", "{227F2DF0-FCC8-4548-A4F9-6DA5BE01918E}"
EndProject
Project("{2150E333-8FDC-42A3-9474-1A3956D46DE8}") = "test", "test", "{1AEA1D1F-45BC-4A6C-BCD8-71C50DC839BA}"
EndProject
Project("{2150E333-8FDC-42A3-9474-1A3956D46DE8}") = "SharedFiles", "SharedFiles", "{3EC64089-240A-44CB-A377-07BB90C1019E}"
EndProject
Project("{2150E333-8FDC-42A3-9474-1A3956D46DE8}") = "html", "html", "{E16C8CAD-938B-4712-8B4B-05EB42AEFAC6}"
	ProjectSection(SolutionItems) = preProject
		test\SharedFiles\html\html-document-with-bom-at-start.html = test\SharedFiles\html\html-document-with-bom-at-start.html
		test\SharedFiles\html\html-document-with-bom-in-body-tag.html = test\SharedFiles\html\html-document-with-bom-in-body-tag.html
		test\SharedFiles\html\html-document-without-bom.html = test\SharedFiles\html\html-document-without-bom.html
	EndProjectSection
EndProject
Project("{2150E333-8FDC-42A3-9474-1A3956D46DE8}") = "xml", "xml", "{D6646163-2C7B-4E9B-A69E-2D73037F1EC3}"
	ProjectSection(SolutionItems) = preProject
		test\SharedFiles\xml\xml-document-with-bom-at-start.xml = test\SharedFiles\xml\xml-document-with-bom-at-start.xml
		test\SharedFiles\xml\xml-document-with-bom-in-tag.xml = test\SharedFiles\xml\xml-document-with-bom-in-tag.xml
		test\SharedFiles\xml\xml-document-without-bom.xml = test\SharedFiles\xml\xml-document-without-bom.xml
	EndProjectSection
EndProject
Project("{2150E333-8FDC-42A3-9474-1A3956D46DE8}") = "samples", "samples", "{93F36312-DACD-42F9-8652-DC03D5545113}"
EndProject
Project("{2150E333-8FDC-42A3-9474-1A3956D46DE8}") = "SharedData", "SharedData", "{6E9983A1-18F0-4A77-8179-7E0D5362B5A1}"
EndProject
Project("{2150E333-8FDC-42A3-9474-1A3956D46DE8}") = "text-content", "text-content", "{42291974-4944-4E59-AC97-5AA16D98EA21}"
	ProjectSection(SolutionItems) = preProject
		samples\SharedData\text-content\change-log.html = samples\SharedData\text-content\change-log.html
		samples\SharedData\text-content\contact.html = samples\SharedData\text-content\contact.html
		samples\SharedData\text-content\index.html = samples\SharedData\text-content\index.html
	EndProjectSection
EndProject
Project("{9A19103F-16F7-4668-BE54-9A1E7A4F7556}") = "WebMarkupMin.Core", "src\WebMarkupMin.Core\WebMarkupMin.Core.csproj", "{B13DE315-C4A0-4BBF-86B1-D916483F5C63}"
EndProject
Project("{9A19103F-16F7-4668-BE54-9A1E7A4F7556}") = "WebMarkupMin.MsAjax", "src\WebMarkupMin.MsAjax\WebMarkupMin.MsAjax.csproj", "{16E16699-8950-45B3-9FC9-0E06A2AA0385}"
EndProject
Project("{9A19103F-16F7-4668-BE54-9A1E7A4F7556}") = "WebMarkupMin.Yui", "src\WebMarkupMin.Yui\WebMarkupMin.Yui.csproj", "{E1986812-2CF2-4B83-99A4-0A73D6DA407A}"
EndProject
Project("{9A19103F-16F7-4668-BE54-9A1E7A4F7556}") = "WebMarkupMin.NUglify", "src\WebMarkupMin.NUglify\WebMarkupMin.NUglify.csproj", "{32566DC1-7999-4A09-8219-DB1279436955}"
EndProject
Project("{9A19103F-16F7-4668-BE54-9A1E7A4F7556}") = "WebMarkupMin.AspNet.Common", "src\WebMarkupMin.AspNet.Common\WebMarkupMin.AspNet.Common.csproj", "{DFCE4D45-CFD5-40C2-8E1E-9276B589A3FF}"
EndProject
Project("{9A19103F-16F7-4668-BE54-9A1E7A4F7556}") = "WebMarkupMin.AspNetCore1", "src\WebMarkupMin.AspNetCore1\WebMarkupMin.AspNetCore1.csproj", "{5F014AC3-7F5D-4EBB-850C-01513CBF1D49}"
EndProject
Project("{9A19103F-16F7-4668-BE54-9A1E7A4F7556}") = "WebMarkupMin.AspNetCore2", "src\WebMarkupMin.AspNetCore2\WebMarkupMin.AspNetCore2.csproj", "{FB743652-E1C4-40B3-B499-53780DCBAA8F}"
EndProject
Project("{9A19103F-16F7-4668-BE54-9A1E7A4F7556}") = "WebMarkupMin.Core.Test", "test\WebMarkupMin.Core.Test\WebMarkupMin.Core.Test.csproj", "{9125BDF2-885B-45DB-98AA-3DD8C2EA4A68}"
EndProject
Project("{9A19103F-16F7-4668-BE54-9A1E7A4F7556}") = "WebMarkupMin.Sample.Resources", "samples\WebMarkupMin.Sample.Resources\WebMarkupMin.Sample.Resources.csproj", "{8EFC1C84-D831-45CE-926A-A9CF99B2164C}"
EndProject
Project("{9A19103F-16F7-4668-BE54-9A1E7A4F7556}") = "WebMarkupMin.Sample.Logic", "samples\WebMarkupMin.Sample.Logic\WebMarkupMin.Sample.Logic.csproj", "{D29E22EF-EAF3-4056-BC7B-E02BB4048281}"
EndProject
Project("{9A19103F-16F7-4668-BE54-9A1E7A4F7556}") = "WebMarkupMin.Sample.AspNetCore1.Mvc1", "samples\WebMarkupMin.Sample.AspNetCore1.Mvc1\WebMarkupMin.Sample.AspNetCore1.Mvc1.csproj", "{CBB7FD4C-8A94-4797-AA55-55DA5A63F070}"
EndProject
Project("{9A19103F-16F7-4668-BE54-9A1E7A4F7556}") = "WebMarkupMin.Sample.AspNetCore1Full.Mvc1", "samples\WebMarkupMin.Sample.AspNetCore1Full.Mvc1\WebMarkupMin.Sample.AspNetCore1Full.Mvc1.csproj", "{93545F28-4C2E-4C43-B864-AF369D6E71BB}"
EndProject
Project("{9A19103F-16F7-4668-BE54-9A1E7A4F7556}") = "WebMarkupMin.Sample.AspNetCore2.Mvc2", "samples\WebMarkupMin.Sample.AspNetCore2.Mvc2\WebMarkupMin.Sample.AspNetCore2.Mvc2.csproj", "{70C0F396-9D87-4E02-AF0B-27F94940478D}"
EndProject
Global
	GlobalSection(SolutionConfigurationPlatforms) = preSolution
		Debug|Any CPU = Debug|Any CPU
		Release|Any CPU = Release|Any CPU
	EndGlobalSection
	GlobalSection(ProjectConfigurationPlatforms) = postSolution
		{B13DE315-C4A0-4BBF-86B1-D916483F5C63}.Debug|Any CPU.ActiveCfg = Debug|Any CPU
		{B13DE315-C4A0-4BBF-86B1-D916483F5C63}.Debug|Any CPU.Build.0 = Debug|Any CPU
		{B13DE315-C4A0-4BBF-86B1-D916483F5C63}.Release|Any CPU.ActiveCfg = Release|Any CPU
		{B13DE315-C4A0-4BBF-86B1-D916483F5C63}.Release|Any CPU.Build.0 = Release|Any CPU
		{16E16699-8950-45B3-9FC9-0E06A2AA0385}.Debug|Any CPU.ActiveCfg = Debug|Any CPU
		{16E16699-8950-45B3-9FC9-0E06A2AA0385}.Debug|Any CPU.Build.0 = Debug|Any CPU
		{16E16699-8950-45B3-9FC9-0E06A2AA0385}.Release|Any CPU.ActiveCfg = Release|Any CPU
		{16E16699-8950-45B3-9FC9-0E06A2AA0385}.Release|Any CPU.Build.0 = Release|Any CPU
		{E1986812-2CF2-4B83-99A4-0A73D6DA407A}.Debug|Any CPU.ActiveCfg = Debug|Any CPU
		{E1986812-2CF2-4B83-99A4-0A73D6DA407A}.Debug|Any CPU.Build.0 = Debug|Any CPU
		{E1986812-2CF2-4B83-99A4-0A73D6DA407A}.Release|Any CPU.ActiveCfg = Release|Any CPU
		{E1986812-2CF2-4B83-99A4-0A73D6DA407A}.Release|Any CPU.Build.0 = Release|Any CPU
		{32566DC1-7999-4A09-8219-DB1279436955}.Debug|Any CPU.ActiveCfg = Debug|Any CPU
		{32566DC1-7999-4A09-8219-DB1279436955}.Debug|Any CPU.Build.0 = Debug|Any CPU
		{32566DC1-7999-4A09-8219-DB1279436955}.Release|Any CPU.ActiveCfg = Release|Any CPU
		{32566DC1-7999-4A09-8219-DB1279436955}.Release|Any CPU.Build.0 = Release|Any CPU
		{DFCE4D45-CFD5-40C2-8E1E-9276B589A3FF}.Debug|Any CPU.ActiveCfg = Debug|Any CPU
		{DFCE4D45-CFD5-40C2-8E1E-9276B589A3FF}.Debug|Any CPU.Build.0 = Debug|Any CPU
		{DFCE4D45-CFD5-40C2-8E1E-9276B589A3FF}.Release|Any CPU.ActiveCfg = Release|Any CPU
		{DFCE4D45-CFD5-40C2-8E1E-9276B589A3FF}.Release|Any CPU.Build.0 = Release|Any CPU
		{5F014AC3-7F5D-4EBB-850C-01513CBF1D49}.Debug|Any CPU.ActiveCfg = Debug|Any CPU
		{5F014AC3-7F5D-4EBB-850C-01513CBF1D49}.Debug|Any CPU.Build.0 = Debug|Any CPU
		{5F014AC3-7F5D-4EBB-850C-01513CBF1D49}.Release|Any CPU.ActiveCfg = Release|Any CPU
		{5F014AC3-7F5D-4EBB-850C-01513CBF1D49}.Release|Any CPU.Build.0 = Release|Any CPU
		{FB743652-E1C4-40B3-B499-53780DCBAA8F}.Debug|Any CPU.ActiveCfg = Debug|Any CPU
		{FB743652-E1C4-40B3-B499-53780DCBAA8F}.Debug|Any CPU.Build.0 = Debug|Any CPU
		{FB743652-E1C4-40B3-B499-53780DCBAA8F}.Release|Any CPU.ActiveCfg = Release|Any CPU
		{FB743652-E1C4-40B3-B499-53780DCBAA8F}.Release|Any CPU.Build.0 = Release|Any CPU
		{9125BDF2-885B-45DB-98AA-3DD8C2EA4A68}.Debug|Any CPU.ActiveCfg = Debug|Any CPU
		{9125BDF2-885B-45DB-98AA-3DD8C2EA4A68}.Debug|Any CPU.Build.0 = Debug|Any CPU
		{9125BDF2-885B-45DB-98AA-3DD8C2EA4A68}.Release|Any CPU.ActiveCfg = Release|Any CPU
		{9125BDF2-885B-45DB-98AA-3DD8C2EA4A68}.Release|Any CPU.Build.0 = Release|Any CPU
		{8EFC1C84-D831-45CE-926A-A9CF99B2164C}.Debug|Any CPU.ActiveCfg = Debug|Any CPU
		{8EFC1C84-D831-45CE-926A-A9CF99B2164C}.Debug|Any CPU.Build.0 = Debug|Any CPU
		{8EFC1C84-D831-45CE-926A-A9CF99B2164C}.Release|Any CPU.ActiveCfg = Release|Any CPU
		{8EFC1C84-D831-45CE-926A-A9CF99B2164C}.Release|Any CPU.Build.0 = Release|Any CPU
		{D29E22EF-EAF3-4056-BC7B-E02BB4048281}.Debug|Any CPU.ActiveCfg = Debug|Any CPU
		{D29E22EF-EAF3-4056-BC7B-E02BB4048281}.Debug|Any CPU.Build.0 = Debug|Any CPU
		{D29E22EF-EAF3-4056-BC7B-E02BB4048281}.Release|Any CPU.ActiveCfg = Release|Any CPU
		{D29E22EF-EAF3-4056-BC7B-E02BB4048281}.Release|Any CPU.Build.0 = Release|Any CPU
		{CBB7FD4C-8A94-4797-AA55-55DA5A63F070}.Debug|Any CPU.ActiveCfg = Debug|Any CPU
		{CBB7FD4C-8A94-4797-AA55-55DA5A63F070}.Debug|Any CPU.Build.0 = Debug|Any CPU
		{CBB7FD4C-8A94-4797-AA55-55DA5A63F070}.Release|Any CPU.ActiveCfg = Release|Any CPU
		{CBB7FD4C-8A94-4797-AA55-55DA5A63F070}.Release|Any CPU.Build.0 = Release|Any CPU
		{93545F28-4C2E-4C43-B864-AF369D6E71BB}.Debug|Any CPU.ActiveCfg = Debug|Any CPU
		{93545F28-4C2E-4C43-B864-AF369D6E71BB}.Debug|Any CPU.Build.0 = Debug|Any CPU
		{93545F28-4C2E-4C43-B864-AF369D6E71BB}.Release|Any CPU.ActiveCfg = Release|Any CPU
		{93545F28-4C2E-4C43-B864-AF369D6E71BB}.Release|Any CPU.Build.0 = Release|Any CPU
		{70C0F396-9D87-4E02-AF0B-27F94940478D}.Debug|Any CPU.ActiveCfg = Debug|Any CPU
		{70C0F396-9D87-4E02-AF0B-27F94940478D}.Debug|Any CPU.Build.0 = Debug|Any CPU
		{70C0F396-9D87-4E02-AF0B-27F94940478D}.Release|Any CPU.ActiveCfg = Release|Any CPU
		{70C0F396-9D87-4E02-AF0B-27F94940478D}.Release|Any CPU.Build.0 = Release|Any CPU
	EndGlobalSection
	GlobalSection(SolutionProperties) = preSolution
		HideSolutionNode = FALSE
	EndGlobalSection
	GlobalSection(NestedProjects) = preSolution
		{3EC64089-240A-44CB-A377-07BB90C1019E} = {1AEA1D1F-45BC-4A6C-BCD8-71C50DC839BA}
		{E16C8CAD-938B-4712-8B4B-05EB42AEFAC6} = {3EC64089-240A-44CB-A377-07BB90C1019E}
		{D6646163-2C7B-4E9B-A69E-2D73037F1EC3} = {3EC64089-240A-44CB-A377-07BB90C1019E}
		{6E9983A1-18F0-4A77-8179-7E0D5362B5A1} = {93F36312-DACD-42F9-8652-DC03D5545113}
		{42291974-4944-4E59-AC97-5AA16D98EA21} = {6E9983A1-18F0-4A77-8179-7E0D5362B5A1}
		{B13DE315-C4A0-4BBF-86B1-D916483F5C63} = {227F2DF0-FCC8-4548-A4F9-6DA5BE01918E}
		{16E16699-8950-45B3-9FC9-0E06A2AA0385} = {227F2DF0-FCC8-4548-A4F9-6DA5BE01918E}
		{E1986812-2CF2-4B83-99A4-0A73D6DA407A} = {227F2DF0-FCC8-4548-A4F9-6DA5BE01918E}
		{32566DC1-7999-4A09-8219-DB1279436955} = {227F2DF0-FCC8-4548-A4F9-6DA5BE01918E}
		{DFCE4D45-CFD5-40C2-8E1E-9276B589A3FF} = {227F2DF0-FCC8-4548-A4F9-6DA5BE01918E}
		{5F014AC3-7F5D-4EBB-850C-01513CBF1D49} = {227F2DF0-FCC8-4548-A4F9-6DA5BE01918E}
		{FB743652-E1C4-40B3-B499-53780DCBAA8F} = {227F2DF0-FCC8-4548-A4F9-6DA5BE01918E}
		{9125BDF2-885B-45DB-98AA-3DD8C2EA4A68} = {1AEA1D1F-45BC-4A6C-BCD8-71C50DC839BA}
		{8EFC1C84-D831-45CE-926A-A9CF99B2164C} = {93F36312-DACD-42F9-8652-DC03D5545113}
		{D29E22EF-EAF3-4056-BC7B-E02BB4048281} = {93F36312-DACD-42F9-8652-DC03D5545113}
		{CBB7FD4C-8A94-4797-AA55-55DA5A63F070} = {93F36312-DACD-42F9-8652-DC03D5545113}
		{93545F28-4C2E-4C43-B864-AF369D6E71BB} = {93F36312-DACD-42F9-8652-DC03D5545113}
		{70C0F396-9D87-4E02-AF0B-27F94940478D} = {93F36312-DACD-42F9-8652-DC03D5545113}
	EndGlobalSection
EndGlobal
